
Microsoft Visual Studio Solution File, Format Version 12.00
# Visual Studio Version 17
VisualStudioVersion = 17.14.36429.23 d17.14
MinimumVisualStudioVersion = 10.0.40219.1
Project("{FAE04EC0-301F-11D3-BF4B-00C04F79EFBC}") = "CVPrueba02", "CVPrueba02\CVPrueba02.csproj", "{3CEE2368-94F9-442D-8277-87B9012C34F4}"
EndProject
Global
	GlobalSection(SolutionConfigurationPlatforms) = preSolution
		Debug|Any CPU = Debug|Any CPU
		Release|Any CPU = Release|Any CPU
	EndGlobalSection
	GlobalSection(ProjectConfigurationPlatforms) = postSolution
		{3CEE2368-94F9-442D-8277-87B9012C34F4}.Debug|Any CPU.ActiveCfg = Debug|Any CPU
		{3CEE2368-94F9-442D-8277-87B9012C34F4}.Debug|Any CPU.Build.0 = Debug|Any CPU
		{3CEE2368-94F9-442D-8277-87B9012C34F4}.Release|Any CPU.ActiveCfg = Release|Any CPU
		{3CEE2368-94F9-442D-8277-87B9012C34F4}.Release|Any CPU.Build.0 = Release|Any CPU
	EndGlobalSection
	GlobalSection(SolutionProperties) = preSolution
		HideSolutionNode = FALSE
	EndGlobalSection
	GlobalSection(ExtensibilityGlobals) = postSolution
		SolutionGuid = {E6B8D0AF-89F8-4D6E-8ADF-4B4343C40FAF}
	EndGlobalSection
EndGlobal
